{
  "version": "3",
  "packages": {
    "specifiers": {
      "jsr:@hono/hono@^4.5.5": "jsr:@hono/hono@4.5.5",
      "jsr:@luca/esbuild-deno-loader@^0.10.3": "jsr:@luca/esbuild-deno-loader@0.10.3",
      "jsr:@std/assert@^0.213.1": "jsr:@std/assert@0.213.1",
      "jsr:@std/cli@^1.0.3": "jsr:@std/cli@1.0.3",
      "jsr:@std/encoding@0.213": "jsr:@std/encoding@0.213.1",
      "jsr:@std/fs@^1.0.1": "jsr:@std/fs@1.0.1",
      "jsr:@std/jsonc@0.213": "jsr:@std/jsonc@0.213.1",
      "jsr:@std/path@0.213": "jsr:@std/path@0.213.1",
      "jsr:@std/path@^1.0.2": "jsr:@std/path@1.0.2",
      "npm:@types/node": "npm:@types/node@18.16.19",
      "npm:esbuild@^0.23.0": "npm:esbuild@0.23.0",
      "npm:preact@^10.23.2": "npm:preact@10.23.2",
      "npm:react@^18.3.1": "npm:react@18.3.1",
      "npm:styled-components@^6.1.12": "npm:styled-components@6.1.12_react@18.3.1_react-dom@18.3.1__react@18.3.1"
    },
    "jsr": {
      "@hono/hono@4.5.5": {
        "integrity": "e5a63b5f535475cd80974b65fed23a138d0cbb91fe1cc9a17a7c7278e835c308"
      },
      "@luca/esbuild-deno-loader@0.10.3": {
        "integrity": "32fc93f7e7f78060234fd5929a740668aab1c742b808c6048b57f9aaea514921",
        "dependencies": [
          "jsr:@std/encoding@0.213",
          "jsr:@std/jsonc@0.213",
          "jsr:@std/path@0.213"
        ]
      },
      "@std/assert@0.213.1": {
        "integrity": "24c28178b30c8e0782c18e8e94ea72b16282207569cdd10ffb9d1d26f2edebfe"
      },
      "@std/cli@1.0.3": {
        "integrity": "9a0488b5d2e58d29dce106a941eecec7181fae996bf0d2225563f1ca7e4b100c"
      },
      "@std/encoding@0.213.1": {
        "integrity": "fcbb6928713dde941a18ca5db88ca1544d0755ec8fb20fe61e2dc8144b390c62"
      },
      "@std/fs@1.0.1": {
        "integrity": "d6914ca2c21abe591f733b31dbe6331e446815e513e2451b3b9e472daddfefcb",
        "dependencies": [
          "jsr:@std/path@^1.0.2"
        ]
      },
      "@std/jsonc@0.213.1": {
        "integrity": "5578f21aa583b7eb7317eed077ffcde47b294f1056bdbb9aacec407758637bfe",
        "dependencies": [
          "jsr:@std/assert@^0.213.1"
        ]
      },
      "@std/path@0.213.1": {
        "integrity": "f187bf278a172752e02fcbacf6bd78a335ed320d080a7ed3a5a59c3e88abc673",
        "dependencies": [
          "jsr:@std/assert@^0.213.1"
        ]
      },
      "@std/path@1.0.2": {
        "integrity": "a452174603f8c620bd278a380c596437a9eef50c891c64b85812f735245d9ec7"
      }
    },
    "npm": {
      "@emotion/is-prop-valid@1.2.2": {
        "integrity": "sha512-uNsoYd37AFmaCdXlg6EYD1KaPOaRWRByMCYzbKUX4+hhMfrxdVSelShywL4JVaAeM/eHUOSprYBQls+/neX3pw==",
        "dependencies": {
          "@emotion/memoize": "@emotion/memoize@0.8.1"
        }
      },
      "@emotion/memoize@0.8.1": {
        "integrity": "sha512-W2P2c/VRW1/1tLox0mVUalvnWXxavmv/Oum2aPsRcoDJuob75FC3Y8FbpfLwUegRcxINtGUMPq0tFCvYNTBXNA==",
        "dependencies": {}
      },
      "@emotion/unitless@0.8.1": {
        "integrity": "sha512-KOEGMu6dmJZtpadb476IsZBclKvILjopjUii3V+7MnXIQCYh8W3NgNcgwo21n9LXZX6EDIKvqfjYxXebDwxKmQ==",
        "dependencies": {}
      },
      "@esbuild/aix-ppc64@0.23.0": {
        "integrity": "sha512-3sG8Zwa5fMcA9bgqB8AfWPQ+HFke6uD3h1s3RIwUNK8EG7a4buxvuFTs3j1IMs2NXAk9F30C/FF4vxRgQCcmoQ==",
        "dependencies": {}
      },
      "@esbuild/android-arm64@0.23.0": {
        "integrity": "sha512-EuHFUYkAVfU4qBdyivULuu03FhJO4IJN9PGuABGrFy4vUuzk91P2d+npxHcFdpUnfYKy0PuV+n6bKIpHOB3prQ==",
        "dependencies": {}
      },
      "@esbuild/android-arm@0.23.0": {
        "integrity": "sha512-+KuOHTKKyIKgEEqKbGTK8W7mPp+hKinbMBeEnNzjJGyFcWsfrXjSTNluJHCY1RqhxFurdD8uNXQDei7qDlR6+g==",
        "dependencies": {}
      },
      "@esbuild/android-x64@0.23.0": {
        "integrity": "sha512-WRrmKidLoKDl56LsbBMhzTTBxrsVwTKdNbKDalbEZr0tcsBgCLbEtoNthOW6PX942YiYq8HzEnb4yWQMLQuipQ==",
        "dependencies": {}
      },
      "@esbuild/darwin-arm64@0.23.0": {
        "integrity": "sha512-YLntie/IdS31H54Ogdn+v50NuoWF5BDkEUFpiOChVa9UnKpftgwzZRrI4J132ETIi+D8n6xh9IviFV3eXdxfow==",
        "dependencies": {}
      },
      "@esbuild/darwin-x64@0.23.0": {
        "integrity": "sha512-IMQ6eme4AfznElesHUPDZ+teuGwoRmVuuixu7sv92ZkdQcPbsNHzutd+rAfaBKo8YK3IrBEi9SLLKWJdEvJniQ==",
        "dependencies": {}
      },
      "@esbuild/freebsd-arm64@0.23.0": {
        "integrity": "sha512-0muYWCng5vqaxobq6LB3YNtevDFSAZGlgtLoAc81PjUfiFz36n4KMpwhtAd4he8ToSI3TGyuhyx5xmiWNYZFyw==",
        "dependencies": {}
      },
      "@esbuild/freebsd-x64@0.23.0": {
        "integrity": "sha512-XKDVu8IsD0/q3foBzsXGt/KjD/yTKBCIwOHE1XwiXmrRwrX6Hbnd5Eqn/WvDekddK21tfszBSrE/WMaZh+1buQ==",
        "dependencies": {}
      },
      "@esbuild/linux-arm64@0.23.0": {
        "integrity": "sha512-j1t5iG8jE7BhonbsEg5d9qOYcVZv/Rv6tghaXM/Ug9xahM0nX/H2gfu6X6z11QRTMT6+aywOMA8TDkhPo8aCGw==",
        "dependencies": {}
      },
      "@esbuild/linux-arm@0.23.0": {
        "integrity": "sha512-SEELSTEtOFu5LPykzA395Mc+54RMg1EUgXP+iw2SJ72+ooMwVsgfuwXo5Fn0wXNgWZsTVHwY2cg4Vi/bOD88qw==",
        "dependencies": {}
      },
      "@esbuild/linux-ia32@0.23.0": {
        "integrity": "sha512-P7O5Tkh2NbgIm2R6x1zGJJsnacDzTFcRWZyTTMgFdVit6E98LTxO+v8LCCLWRvPrjdzXHx9FEOA8oAZPyApWUA==",
        "dependencies": {}
      },
      "@esbuild/linux-loong64@0.23.0": {
        "integrity": "sha512-InQwepswq6urikQiIC/kkx412fqUZudBO4SYKu0N+tGhXRWUqAx+Q+341tFV6QdBifpjYgUndV1hhMq3WeJi7A==",
        "dependencies": {}
      },
      "@esbuild/linux-mips64el@0.23.0": {
        "integrity": "sha512-J9rflLtqdYrxHv2FqXE2i1ELgNjT+JFURt/uDMoPQLcjWQA5wDKgQA4t/dTqGa88ZVECKaD0TctwsUfHbVoi4w==",
        "dependencies": {}
      },
      "@esbuild/linux-ppc64@0.23.0": {
        "integrity": "sha512-cShCXtEOVc5GxU0fM+dsFD10qZ5UpcQ8AM22bYj0u/yaAykWnqXJDpd77ublcX6vdDsWLuweeuSNZk4yUxZwtw==",
        "dependencies": {}
      },
      "@esbuild/linux-riscv64@0.23.0": {
        "integrity": "sha512-HEtaN7Y5UB4tZPeQmgz/UhzoEyYftbMXrBCUjINGjh3uil+rB/QzzpMshz3cNUxqXN7Vr93zzVtpIDL99t9aRw==",
        "dependencies": {}
      },
      "@esbuild/linux-s390x@0.23.0": {
        "integrity": "sha512-WDi3+NVAuyjg/Wxi+o5KPqRbZY0QhI9TjrEEm+8dmpY9Xir8+HE/HNx2JoLckhKbFopW0RdO2D72w8trZOV+Wg==",
        "dependencies": {}
      },
      "@esbuild/linux-x64@0.23.0": {
        "integrity": "sha512-a3pMQhUEJkITgAw6e0bWA+F+vFtCciMjW/LPtoj99MhVt+Mfb6bbL9hu2wmTZgNd994qTAEw+U/r6k3qHWWaOQ==",
        "dependencies": {}
      },
      "@esbuild/netbsd-x64@0.23.0": {
        "integrity": "sha512-cRK+YDem7lFTs2Q5nEv/HHc4LnrfBCbH5+JHu6wm2eP+d8OZNoSMYgPZJq78vqQ9g+9+nMuIsAO7skzphRXHyw==",
        "dependencies": {}
      },
      "@esbuild/openbsd-arm64@0.23.0": {
        "integrity": "sha512-suXjq53gERueVWu0OKxzWqk7NxiUWSUlrxoZK7usiF50C6ipColGR5qie2496iKGYNLhDZkPxBI3erbnYkU0rQ==",
        "dependencies": {}
      },
      "@esbuild/openbsd-x64@0.23.0": {
        "integrity": "sha512-6p3nHpby0DM/v15IFKMjAaayFhqnXV52aEmv1whZHX56pdkK+MEaLoQWj+H42ssFarP1PcomVhbsR4pkz09qBg==",
        "dependencies": {}
      },
      "@esbuild/sunos-x64@0.23.0": {
        "integrity": "sha512-BFelBGfrBwk6LVrmFzCq1u1dZbG4zy/Kp93w2+y83Q5UGYF1d8sCzeLI9NXjKyujjBBniQa8R8PzLFAUrSM9OA==",
        "dependencies": {}
      },
      "@esbuild/win32-arm64@0.23.0": {
        "integrity": "sha512-lY6AC8p4Cnb7xYHuIxQ6iYPe6MfO2CC43XXKo9nBXDb35krYt7KGhQnOkRGar5psxYkircpCqfbNDB4uJbS2jQ==",
        "dependencies": {}
      },
      "@esbuild/win32-ia32@0.23.0": {
        "integrity": "sha512-7L1bHlOTcO4ByvI7OXVI5pNN6HSu6pUQq9yodga8izeuB1KcT2UkHaH6118QJwopExPn0rMHIseCTx1CRo/uNA==",
        "dependencies": {}
      },
      "@esbuild/win32-x64@0.23.0": {
        "integrity": "sha512-Arm+WgUFLUATuoxCJcahGuk6Yj9Pzxd6l11Zb/2aAuv5kWWvvfhLFo2fni4uSK5vzlUdCGZ/BdV5tH8klj8p8g==",
        "dependencies": {}
      },
      "@types/node@18.16.19": {
        "integrity": "sha512-IXl7o+R9iti9eBW4Wg2hx1xQDig183jj7YLn8F7udNceyfkbn1ZxmzZXuak20gR40D7pIkIY1kYGx5VIGbaHKA==",
        "dependencies": {}
      },
      "@types/stylis@4.2.5": {
        "integrity": "sha512-1Xve+NMN7FWjY14vLoY5tL3BVEQ/n42YLwaqJIPYhotZ9uBHt87VceMwWQpzmdEt2TNXIorIFG+YeCUUW7RInw==",
        "dependencies": {}
      },
      "camelize@1.0.1": {
        "integrity": "sha512-dU+Tx2fsypxTgtLoE36npi3UqcjSSMNYfkqgmoEhtZrraP5VWq0K7FkWVTYa8eMPtnU/G2txVsfdCJTn9uzpuQ==",
        "dependencies": {}
      },
      "css-color-keywords@1.0.0": {
        "integrity": "sha512-FyyrDHZKEjXDpNJYvVsV960FiqQyXc/LlYmsxl2BcdMb2WPx0OGRVgTg55rPSyLSNMqP52R9r8geSp7apN3Ofg==",
        "dependencies": {}
      },
      "css-to-react-native@3.2.0": {
        "integrity": "sha512-e8RKaLXMOFii+02mOlqwjbD00KSEKqblnpO9e++1aXS1fPQOpS1YoqdVHBqPjHNoxeF2mimzVqawm2KCbEdtHQ==",
        "dependencies": {
          "camelize": "camelize@1.0.1",
          "css-color-keywords": "css-color-keywords@1.0.0",
          "postcss-value-parser": "postcss-value-parser@4.2.0"
        }
      },
      "csstype@3.1.3": {
        "integrity": "sha512-M1uQkMl8rQK/szD0LNhtqxIPLpimGm8sOBwU7lLnCpSbTyY3yeU1Vc7l4KT5zT4s/yOxHH5O7tIuuLOCnLADRw==",
        "dependencies": {}
      },
      "esbuild@0.23.0": {
        "integrity": "sha512-1lvV17H2bMYda/WaFb2jLPeHU3zml2k4/yagNMG8Q/YtfMjCwEUZa2eXXMgZTVSL5q1n4H7sQ0X6CdJDqqeCFA==",
        "dependencies": {
          "@esbuild/aix-ppc64": "@esbuild/aix-ppc64@0.23.0",
          "@esbuild/android-arm": "@esbuild/android-arm@0.23.0",
          "@esbuild/android-arm64": "@esbuild/android-arm64@0.23.0",
          "@esbuild/android-x64": "@esbuild/android-x64@0.23.0",
          "@esbuild/darwin-arm64": "@esbuild/darwin-arm64@0.23.0",
          "@esbuild/darwin-x64": "@esbuild/darwin-x64@0.23.0",
          "@esbuild/freebsd-arm64": "@esbuild/freebsd-arm64@0.23.0",
          "@esbuild/freebsd-x64": "@esbuild/freebsd-x64@0.23.0",
          "@esbuild/linux-arm": "@esbuild/linux-arm@0.23.0",
          "@esbuild/linux-arm64": "@esbuild/linux-arm64@0.23.0",
          "@esbuild/linux-ia32": "@esbuild/linux-ia32@0.23.0",
          "@esbuild/linux-loong64": "@esbuild/linux-loong64@0.23.0",
          "@esbuild/linux-mips64el": "@esbuild/linux-mips64el@0.23.0",
          "@esbuild/linux-ppc64": "@esbuild/linux-ppc64@0.23.0",
          "@esbuild/linux-riscv64": "@esbuild/linux-riscv64@0.23.0",
          "@esbuild/linux-s390x": "@esbuild/linux-s390x@0.23.0",
          "@esbuild/linux-x64": "@esbuild/linux-x64@0.23.0",
          "@esbuild/netbsd-x64": "@esbuild/netbsd-x64@0.23.0",
          "@esbuild/openbsd-arm64": "@esbuild/openbsd-arm64@0.23.0",
          "@esbuild/openbsd-x64": "@esbuild/openbsd-x64@0.23.0",
          "@esbuild/sunos-x64": "@esbuild/sunos-x64@0.23.0",
          "@esbuild/win32-arm64": "@esbuild/win32-arm64@0.23.0",
          "@esbuild/win32-ia32": "@esbuild/win32-ia32@0.23.0",
          "@esbuild/win32-x64": "@esbuild/win32-x64@0.23.0"
        }
      },
      "js-tokens@4.0.0": {
        "integrity": "sha512-RdJUflcE3cUzKiMqQgsCu06FPu9UdIJO0beYbPhHN4k6apgJtifcoCtT9bcxOpYBtpD2kCM6Sbzg4CausW/PKQ==",
        "dependencies": {}
      },
      "loose-envify@1.4.0": {
        "integrity": "sha512-lyuxPGr/Wfhrlem2CL/UcnUc1zcqKAImBDzukY7Y5F/yQiNdko6+fRLevlw1HgMySw7f611UIY408EtxRSoK3Q==",
        "dependencies": {
          "js-tokens": "js-tokens@4.0.0"
        }
      },
      "nanoid@3.3.7": {
        "integrity": "sha512-eSRppjcPIatRIMC1U6UngP8XFcz8MQWGQdt1MTBQ7NaAmvXDfvNxbvWV3x2y6CdEUciCSsDHDQZbhYaB8QEo2g==",
        "dependencies": {}
      },
      "picocolors@1.0.1": {
        "integrity": "sha512-anP1Z8qwhkbmu7MFP5iTt+wQKXgwzf7zTyGlcdzabySa9vd0Xt392U0rVmz9poOaBj0uHJKyyo9/upk0HrEQew==",
        "dependencies": {}
      },
      "postcss-value-parser@4.2.0": {
        "integrity": "sha512-1NNCs6uurfkVbeXG4S8JFT9t19m45ICnif8zWLd5oPSZ50QnwMfK+H3jv408d4jw/7Bttv5axS5IiHoLaVNHeQ==",
        "dependencies": {}
      },
      "postcss@8.4.38": {
        "integrity": "sha512-Wglpdk03BSfXkHoQa3b/oulrotAkwrlLDRSOb9D0bN86FdRyE9lppSp33aHNPgBa0JKCoB+drFLZkQoRRYae5A==",
        "dependencies": {
          "nanoid": "nanoid@3.3.7",
          "picocolors": "picocolors@1.0.1",
          "source-map-js": "source-map-js@1.2.0"
        }
      },
      "preact@10.23.2": {
        "integrity": "sha512-kKYfePf9rzKnxOAKDpsWhg/ysrHPqT+yQ7UW4JjdnqjFIeNUnNcEJvhuA8fDenxAGWzUqtd51DfVg7xp/8T9NA==",
        "dependencies": {}
      },
      "react-dom@18.3.1_react@18.3.1": {
        "integrity": "sha512-5m4nQKp+rZRb09LNH59GM4BxTh9251/ylbKIbpe7TpGxfJ+9kv6BLkLBXIjjspbgbnIBNqlI23tRnTWT0snUIw==",
        "dependencies": {
          "loose-envify": "loose-envify@1.4.0",
          "react": "react@18.3.1",
          "scheduler": "scheduler@0.23.2"
        }
      },
      "react@18.3.1": {
        "integrity": "sha512-wS+hAgJShR0KhEvPJArfuPVN1+Hz1t0Y6n5jLrGQbkb4urgPE/0Rve+1kMB1v/oWgHgm4WIcV+i7F2pTVj+2iQ==",
        "dependencies": {
          "loose-envify": "loose-envify@1.4.0"
        }
      },
      "scheduler@0.23.2": {
        "integrity": "sha512-UOShsPwz7NrMUqhR6t0hWjFduvOzbtv7toDH1/hIrfRNIDBnnBWd0CwJTGvTpngVlmwGCdP9/Zl/tVrDqcuYzQ==",
        "dependencies": {
          "loose-envify": "loose-envify@1.4.0"
        }
      },
      "shallowequal@1.1.0": {
        "integrity": "sha512-y0m1JoUZSlPAjXVtPPW70aZWfIL/dSP7AFkRnniLCrK/8MDKog3TySTBmckD+RObVxH0v4Tox67+F14PdED2oQ==",
        "dependencies": {}
      },
      "source-map-js@1.2.0": {
        "integrity": "sha512-itJW8lvSA0TXEphiRoawsCksnlf8SyvmFzIhltqAHluXd88pkCd+cXJVHTDwdCr0IzwptSm035IHQktUu1QUMg==",
        "dependencies": {}
      },
      "styled-components@6.1.12_react@18.3.1_react-dom@18.3.1__react@18.3.1": {
        "integrity": "sha512-n/O4PzRPhbYI0k1vKKayfti3C/IGcPf+DqcrOB7O/ab9x4u/zjqraneT5N45+sIe87cxrCApXM8Bna7NYxwoTA==",
        "dependencies": {
          "@emotion/is-prop-valid": "@emotion/is-prop-valid@1.2.2",
          "@emotion/unitless": "@emotion/unitless@0.8.1",
          "@types/stylis": "@types/stylis@4.2.5",
          "css-to-react-native": "css-to-react-native@3.2.0",
          "csstype": "csstype@3.1.3",
          "postcss": "postcss@8.4.38",
          "react": "react@18.3.1",
          "react-dom": "react-dom@18.3.1_react@18.3.1",
          "shallowequal": "shallowequal@1.1.0",
          "stylis": "stylis@4.3.2",
          "tslib": "tslib@2.6.2"
        }
      },
      "stylis@4.3.2": {
        "integrity": "sha512-bhtUjWd/z6ltJiQwg0dUfxEJ+W+jdqQd8TbWLWyeIJHlnsqmGLRFFd8e5mA0AZi/zx90smXRlN66YMTcaSFifg==",
        "dependencies": {}
      },
      "tslib@2.6.2": {
        "integrity": "sha512-AEYxH93jGFPn/a2iVAwW87VuUIkR1FVUKB77NwMF7nBTDkDrrT/Hpt/IrCJ0QXhW27jTBDcf5ZY7w6RiqTMw2Q==",
        "dependencies": {}
      }
    }
  },
  "remote": {},
  "workspace": {
    "dependencies": [
      "jsr:@hono/hono@^4.5.5",
      "jsr:@luca/esbuild-deno-loader@^0.10.3",
      "jsr:@std/cli@^1.0.3",
      "jsr:@std/fs@^1.0.1",
      "jsr:@std/path@^1.0.2",
      "npm:esbuild@^0.23.0",
      "npm:preact@^10.23.2",
      "npm:react@^18.3.1",
      "npm:styled-components@^6.1.12"
    ]
  }
}
